
Microsoft Visual Studio Solution File, Format Version 12.00
# Visual Studio Version 17
VisualStudioVersion = 17.8.34408.163
MinimumVisualStudioVersion = 10.0.40219.1
Project("{FAE04EC0-301F-11D3-BF4B-00C04F79EFBC}") = "Api_Dot_Net", "Api_Dot_Net\Api_Dot_Net.csproj", "{07C05D84-9E24-497A-A758-A2D8B5008B1B}"
EndProject
Project("{FAE04EC0-301F-11D3-BF4B-00C04F79EFBC}") = "Api_Dot_Net.Application", "Api_Dot_Net.Application\Api_Dot_Net.Application.csproj", "{D833C824-51EA-4F9B-993D-106CB672FAAC}"
EndProject
Project("{FAE04EC0-301F-11D3-BF4B-00C04F79EFBC}") = "Api_Dot_Net.Domain", "Api_Dot_Net.Domain\Api_Dot_Net.Domain.csproj", "{68250363-B3B0-4FF8-A35B-04CEAFE4F78D}"
EndProject
Project("{FAE04EC0-301F-11D3-BF4B-00C04F79EFBC}") = "Api_Dot_Net.Infrastructure", "Api_Dot_Net.Infrastructure\Api_Dot_Net.Infrastructure.csproj", "{5F0C4B3F-FB88-47FE-A188-0F4785E839F2}"
EndProject
Global
	GlobalSection(SolutionConfigurationPlatforms) = preSolution
		Debug|Any CPU = Debug|Any CPU
		Release|Any CPU = Release|Any CPU
	EndGlobalSection
	GlobalSection(ProjectConfigurationPlatforms) = postSolution
		{07C05D84-9E24-497A-A758-A2D8B5008B1B}.Debug|Any CPU.ActiveCfg = Debug|Any CPU
		{07C05D84-9E24-497A-A758-A2D8B5008B1B}.Debug|Any CPU.Build.0 = Debug|Any CPU
		{07C05D84-9E24-497A-A758-A2D8B5008B1B}.Release|Any CPU.ActiveCfg = Release|Any CPU
		{07C05D84-9E24-497A-A758-A2D8B5008B1B}.Release|Any CPU.Build.0 = Release|Any CPU
		{D833C824-51EA-4F9B-993D-106CB672FAAC}.Debug|Any CPU.ActiveCfg = Debug|Any CPU
		{D833C824-51EA-4F9B-993D-106CB672FAAC}.Debug|Any CPU.Build.0 = Debug|Any CPU
		{D833C824-51EA-4F9B-993D-106CB672FAAC}.Release|Any CPU.ActiveCfg = Release|Any CPU
		{D833C824-51EA-4F9B-993D-106CB672FAAC}.Release|Any CPU.Build.0 = Release|Any CPU
		{68250363-B3B0-4FF8-A35B-04CEAFE4F78D}.Debug|Any CPU.ActiveCfg = Debug|Any CPU
		{68250363-B3B0-4FF8-A35B-04CEAFE4F78D}.Debug|Any CPU.Build.0 = Debug|Any CPU
		{68250363-B3B0-4FF8-A35B-04CEAFE4F78D}.Release|Any CPU.ActiveCfg = Release|Any CPU
		{68250363-B3B0-4FF8-A35B-04CEAFE4F78D}.Release|Any CPU.Build.0 = Release|Any CPU
		{5F0C4B3F-FB88-47FE-A188-0F4785E839F2}.Debug|Any CPU.ActiveCfg = Debug|Any CPU
		{5F0C4B3F-FB88-47FE-A188-0F4785E839F2}.Debug|Any CPU.Build.0 = Debug|Any CPU
		{5F0C4B3F-FB88-47FE-A188-0F4785E839F2}.Release|Any CPU.ActiveCfg = Release|Any CPU
		{5F0C4B3F-FB88-47FE-A188-0F4785E839F2}.Release|Any CPU.Build.0 = Release|Any CPU
	EndGlobalSection
	GlobalSection(SolutionProperties) = preSolution
		HideSolutionNode = FALSE
	EndGlobalSection
	GlobalSection(ExtensibilityGlobals) = postSolution
		SolutionGuid = {BB3D4331-D7A9-4FAD-B5A9-9159A893FB18}
	EndGlobalSection
EndGlobal
